
Microsoft Visual Studio Solution File, Format Version 12.00
# Visual Studio 15
VisualStudioVersion = 15.0.26730.15
MinimumVisualStudioVersion = 10.0.40219.1
Project("{FAE04EC0-301F-11D3-BF4B-00C04F79EFBC}") = "PR8", "PR8\PR8.csproj", "{C49DCFFA-40FE-47DE-9105-D521CCCBD003}"
EndProject
Global
	GlobalSection(SolutionConfigurationPlatforms) = preSolution
		Debug|Any CPU = Debug|Any CPU
		Release|Any CPU = Release|Any CPU
	EndGlobalSection
	GlobalSection(ProjectConfigurationPlatforms) = postSolution
		{C49DCFFA-40FE-47DE-9105-D521CCCBD003}.Debug|Any CPU.ActiveCfg = Debug|Any CPU
		{C49DCFFA-40FE-47DE-9105-D521CCCBD003}.Debug|Any CPU.Build.0 = Debug|Any CPU
		{C49DCFFA-40FE-47DE-9105-D521CCCBD003}.Release|Any CPU.ActiveCfg = Release|Any CPU
		{C49DCFFA-40FE-47DE-9105-D521CCCBD003}.Release|Any CPU.Build.0 = Release|Any CPU
	EndGlobalSection
	GlobalSection(SolutionProperties) = preSolution
		HideSolutionNode = FALSE
	EndGlobalSection
	GlobalSection(ExtensibilityGlobals) = postSolution
		SolutionGuid = {91F07DA5-8CB8-4929-9811-69928264A98B}
	EndGlobalSection
EndGlobal
